
Microsoft Visual Studio Solution File, Format Version 12.00
# Visual Studio 14
VisualStudioVersion = 14.0.23107.0
MinimumVisualStudioVersion = 10.0.40219.1
Project("{8BC9CEB8-8B4A-11D0-8D11-00A0C91BC942}") = "GNUBallisticsLibrary.Net", "GNUBallisticsLibrary.Net\GNUBallisticsLibrary.Net.vcxproj", "{FE0302FF-5A36-4DC6-9AB3-1D13CB04A2D6}"
EndProject
Project("{FAE04EC0-301F-11D3-BF4B-00C04F79EFBC}") = "Sharp.Ballistics.Abstractions", "Sharp.Ballistics.Abstractions\Sharp.Ballistics.Abstractions.csproj", "{36EC668E-6CE2-4194-A60D-1DB93A719EF5}"
EndProject
Project("{FAE04EC0-301F-11D3-BF4B-00C04F79EFBC}") = "Sharp.Ballistics.Tryout", "Sharp.Ballistics.Tryout\Sharp.Ballistics.Tryout.csproj", "{D2CF084D-45AD-4F73-9D62-6219DFFEC856}"
EndProject
Global
	GlobalSection(SolutionConfigurationPlatforms) = preSolution
		Debug|Any CPU = Debug|Any CPU
		Debug|x64 = Debug|x64
		Debug|x86 = Debug|x86
		Release|Any CPU = Release|Any CPU
		Release|x64 = Release|x64
		Release|x86 = Release|x86
	EndGlobalSection
	GlobalSection(ProjectConfigurationPlatforms) = postSolution
		{FE0302FF-5A36-4DC6-9AB3-1D13CB04A2D6}.Debug|Any CPU.ActiveCfg = Debug|Win32
		{FE0302FF-5A36-4DC6-9AB3-1D13CB04A2D6}.Debug|x64.ActiveCfg = Debug|x64
		{FE0302FF-5A36-4DC6-9AB3-1D13CB04A2D6}.Debug|x64.Build.0 = Debug|x64
		{FE0302FF-5A36-4DC6-9AB3-1D13CB04A2D6}.Debug|x86.ActiveCfg = Debug|Win32
		{FE0302FF-5A36-4DC6-9AB3-1D13CB04A2D6}.Debug|x86.Build.0 = Debug|Win32
		{FE0302FF-5A36-4DC6-9AB3-1D13CB04A2D6}.Release|Any CPU.ActiveCfg = Release|Win32
		{FE0302FF-5A36-4DC6-9AB3-1D13CB04A2D6}.Release|x64.ActiveCfg = Release|x64
		{FE0302FF-5A36-4DC6-9AB3-1D13CB04A2D6}.Release|x64.Build.0 = Release|x64
		{FE0302FF-5A36-4DC6-9AB3-1D13CB04A2D6}.Release|x86.ActiveCfg = Release|Win32
		{FE0302FF-5A36-4DC6-9AB3-1D13CB04A2D6}.Release|x86.Build.0 = Release|Win32
		{36EC668E-6CE2-4194-A60D-1DB93A719EF5}.Debug|Any CPU.ActiveCfg = Debug|Any CPU
		{36EC668E-6CE2-4194-A60D-1DB93A719EF5}.Debug|Any CPU.Build.0 = Debug|Any CPU
		{36EC668E-6CE2-4194-A60D-1DB93A719EF5}.Debug|x64.ActiveCfg = Debug|Any CPU
		{36EC668E-6CE2-4194-A60D-1DB93A719EF5}.Debug|x64.Build.0 = Debug|Any CPU
		{36EC668E-6CE2-4194-A60D-1DB93A719EF5}.Debug|x86.ActiveCfg = Debug|Any CPU
		{36EC668E-6CE2-4194-A60D-1DB93A719EF5}.Debug|x86.Build.0 = Debug|Any CPU
		{36EC668E-6CE2-4194-A60D-1DB93A719EF5}.Release|Any CPU.ActiveCfg = Release|Any CPU
		{36EC668E-6CE2-4194-A60D-1DB93A719EF5}.Release|Any CPU.Build.0 = Release|Any CPU
		{36EC668E-6CE2-4194-A60D-1DB93A719EF5}.Release|x64.ActiveCfg = Release|Any CPU
		{36EC668E-6CE2-4194-A60D-1DB93A719EF5}.Release|x64.Build.0 = Release|Any CPU
		{36EC668E-6CE2-4194-A60D-1DB93A719EF5}.Release|x86.ActiveCfg = Release|Any CPU
		{36EC668E-6CE2-4194-A60D-1DB93A719EF5}.Release|x86.Build.0 = Release|Any CPU
		{D2CF084D-45AD-4F73-9D62-6219DFFEC856}.Debug|Any CPU.ActiveCfg = Debug|Any CPU
		{D2CF084D-45AD-4F73-9D62-6219DFFEC856}.Debug|Any CPU.Build.0 = Debug|Any CPU
		{D2CF084D-45AD-4F73-9D62-6219DFFEC856}.Debug|x64.ActiveCfg = Debug|Any CPU
		{D2CF084D-45AD-4F73-9D62-6219DFFEC856}.Debug|x64.Build.0 = Debug|Any CPU
		{D2CF084D-45AD-4F73-9D62-6219DFFEC856}.Debug|x86.ActiveCfg = Debug|Any CPU
		{D2CF084D-45AD-4F73-9D62-6219DFFEC856}.Debug|x86.Build.0 = Debug|Any CPU
		{D2CF084D-45AD-4F73-9D62-6219DFFEC856}.Release|Any CPU.ActiveCfg = Release|Any CPU
		{D2CF084D-45AD-4F73-9D62-6219DFFEC856}.Release|Any CPU.Build.0 = Release|Any CPU
		{D2CF084D-45AD-4F73-9D62-6219DFFEC856}.Release|x64.ActiveCfg = Release|Any CPU
		{D2CF084D-45AD-4F73-9D62-6219DFFEC856}.Release|x64.Build.0 = Release|Any CPU
		{D2CF084D-45AD-4F73-9D62-6219DFFEC856}.Release|x86.ActiveCfg = Release|Any CPU
		{D2CF084D-45AD-4F73-9D62-6219DFFEC856}.Release|x86.Build.0 = Release|Any CPU
	EndGlobalSection
	GlobalSection(SolutionProperties) = preSolution
		HideSolutionNode = FALSE
	EndGlobalSection
EndGlobal
